// !$*UTF8*$!
{
	archiveVersion = 1;
	classes = {
	};
	objectVersion = 70;
	objects = {

/* Begin PBXBuildFile section */
		9804825D2D0B9F1F00D7400D /* FeedImageDataLoader.swift in Sources */ = {isa = PBXBuildFile; fileRef = 9804821D2D0B9E5200D7400D /* FeedImageDataLoader.swift */; };
		980482652D0BA53100D7400D /* LoadFeedImageDataFromRemoteUseCaseTests.swift in Sources */ = {isa = PBXBuildFile; fileRef = 980482642D0BA53100D7400D /* LoadFeedImageDataFromRemoteUseCaseTests.swift */; };
		980482672D0BD1B400D7400D /* HTTPClientSpy.swift in Sources */ = {isa = PBXBuildFile; fileRef = 980482662D0BD1B400D7400D /* HTTPClientSpy.swift */; };
		980482682D0BD1B400D7400D /* HTTPClientSpy.swift in Sources */ = {isa = PBXBuildFile; fileRef = 980482662D0BD1B400D7400D /* HTTPClientSpy.swift */; };
		980482692D0BD1B400D7400D /* HTTPClientSpy.swift in Sources */ = {isa = PBXBuildFile; fileRef = 980482662D0BD1B400D7400D /* HTTPClientSpy.swift */; };
		9804826A2D0BD1B400D7400D /* HTTPClientSpy.swift in Sources */ = {isa = PBXBuildFile; fileRef = 980482662D0BD1B400D7400D /* HTTPClientSpy.swift */; };
		9804826C2D0BD33E00D7400D /* RemoteFeedImageDataLoader.swift in Sources */ = {isa = PBXBuildFile; fileRef = 9804826B2D0BD33E00D7400D /* RemoteFeedImageDataLoader.swift */; };
		980482762D0BE16200D7400D /* LoadFeedImageDataFromCacheUseCaseTests.swift in Sources */ = {isa = PBXBuildFile; fileRef = 980482752D0BE16200D7400D /* LoadFeedImageDataFromCacheUseCaseTests.swift */; };
		980482782D0E446C00D7400D /* FeedImageDataStore.swift in Sources */ = {isa = PBXBuildFile; fileRef = 980482772D0E446C00D7400D /* FeedImageDataStore.swift */; };
		9804827A2D0E447F00D7400D /* LocalFeedImageDataLoader.swift in Sources */ = {isa = PBXBuildFile; fileRef = 980482792D0E447F00D7400D /* LocalFeedImageDataLoader.swift */; };
		981AE4652C749F87009DB408 /* RemoteFeedLoader.swift in Sources */ = {isa = PBXBuildFile; fileRef = 981AE4642C749F87009DB408 /* RemoteFeedLoader.swift */; };
		981AE49D2C75BE71009DB408 /* HTTPClient.swift in Sources */ = {isa = PBXBuildFile; fileRef = 981AE49C2C75BE71009DB408 /* HTTPClient.swift */; };
		981AE49F2C75BF21009DB408 /* FeedItemsMapper.swift in Sources */ = {isa = PBXBuildFile; fileRef = 981AE49E2C75BF21009DB408 /* FeedItemsMapper.swift */; };
		981AE4A22C7716B5009DB408 /* URLSessionHTTPClientTests.swift in Sources */ = {isa = PBXBuildFile; fileRef = 981AE4A12C7716B5009DB408 /* URLSessionHTTPClientTests.swift */; };
		981AE4A52C78635C009DB408 /* XCTestCase+MemoryLeakTracking.swift in Sources */ = {isa = PBXBuildFile; fileRef = 981AE4A42C78635C009DB408 /* XCTestCase+MemoryLeakTracking.swift */; };
		981AE4B22C7C7A39009DB408 /* URLSessionHTTPClient.swift in Sources */ = {isa = PBXBuildFile; fileRef = 981AE4B12C7C7A39009DB408 /* URLSessionHTTPClient.swift */; };
		981AE4BD2C7D7548009DB408 /* EssentialFeedAPIEndToEndTests.swift in Sources */ = {isa = PBXBuildFile; fileRef = 981AE4BC2C7D7548009DB408 /* EssentialFeedAPIEndToEndTests.swift */; };
		981AE4BE2C7D7548009DB408 /* EssentialFeed.framework in Frameworks */ = {isa = PBXBuildFile; fileRef = 98A0150F2C74650800B484D7 /* EssentialFeed.framework */; };
		981AE4C42C7D91DB009DB408 /* XCTestCase+MemoryLeakTracking.swift in Sources */ = {isa = PBXBuildFile; fileRef = 981AE4A42C78635C009DB408 /* XCTestCase+MemoryLeakTracking.swift */; };
		981AE4C52C7D91EA009DB408 /* EssentialFeedAPIEndToEndTests.swift in Sources */ = {isa = PBXBuildFile; fileRef = 981AE4BC2C7D7548009DB408 /* EssentialFeedAPIEndToEndTests.swift */; };
		981AE4D12C7ED9CC009DB408 /* CacheFeedUseCaseTests.swift in Sources */ = {isa = PBXBuildFile; fileRef = 981AE4D02C7ED9CC009DB408 /* CacheFeedUseCaseTests.swift */; };
		981AE4D42C7F0BBD009DB408 /* LocalFeedLoader.swift in Sources */ = {isa = PBXBuildFile; fileRef = 981AE4D32C7F0BBD009DB408 /* LocalFeedLoader.swift */; };
		981AE4D62C7F0C68009DB408 /* FeedStore.swift in Sources */ = {isa = PBXBuildFile; fileRef = 981AE4D52C7F0C68009DB408 /* FeedStore.swift */; };
		9855794E2C80521100B3B46B /* RemoteFeedItem.swift in Sources */ = {isa = PBXBuildFile; fileRef = 9855794D2C80521100B3B46B /* RemoteFeedItem.swift */; };
		985579502C80526F00B3B46B /* LocalFeedImage.swift in Sources */ = {isa = PBXBuildFile; fileRef = 9855794F2C80526F00B3B46B /* LocalFeedImage.swift */; };
		985579522C8059E800B3B46B /* LoadFeedFromCacheUseCaseTests.swift in Sources */ = {isa = PBXBuildFile; fileRef = 985579512C8059E800B3B46B /* LoadFeedFromCacheUseCaseTests.swift */; };
		985579552C805C1900B3B46B /* FeedStoreSpy.swift in Sources */ = {isa = PBXBuildFile; fileRef = 985579542C805C1900B3B46B /* FeedStoreSpy.swift */; };
		985579572C8184B300B3B46B /* ValidateFeedCacheUseCaseTests.swift in Sources */ = {isa = PBXBuildFile; fileRef = 985579562C8184B300B3B46B /* ValidateFeedCacheUseCaseTests.swift */; };
		985579592C81896F00B3B46B /* FeedCacheTestHelpers.swift in Sources */ = {isa = PBXBuildFile; fileRef = 985579582C81896F00B3B46B /* FeedCacheTestHelpers.swift */; };
		9855795B2C818A4D00B3B46B /* SharedTestHelpers.swift in Sources */ = {isa = PBXBuildFile; fileRef = 9855795A2C818A4D00B3B46B /* SharedTestHelpers.swift */; };
		9855795D2C81A63B00B3B46B /* FeedCachePolicy.swift in Sources */ = {isa = PBXBuildFile; fileRef = 9855795C2C81A63B00B3B46B /* FeedCachePolicy.swift */; };
		985579632C841AEB00B3B46B /* CodableFeedStore.swift in Sources */ = {isa = PBXBuildFile; fileRef = 985579622C841AEB00B3B46B /* CodableFeedStore.swift */; };
		985579652C85CCCC00B3B46B /* FeedStoreSpecs.swift in Sources */ = {isa = PBXBuildFile; fileRef = 985579642C85CCCC00B3B46B /* FeedStoreSpecs.swift */; };
		985579672C85CDB900B3B46B /* XCTestCase+FeedStoreSpecs.swift in Sources */ = {isa = PBXBuildFile; fileRef = 985579662C85CDB900B3B46B /* XCTestCase+FeedStoreSpecs.swift */; };
		985579692C85D60800B3B46B /* XCTestCase+failableRetrieveFeedStoreSpecs.swift in Sources */ = {isa = PBXBuildFile; fileRef = 985579682C85D60800B3B46B /* XCTestCase+failableRetrieveFeedStoreSpecs.swift */; };
		9855796B2C85D6D000B3B46B /* XCTestCase+FailableInsertFeedStoreSpecs.swift in Sources */ = {isa = PBXBuildFile; fileRef = 9855796A2C85D6D000B3B46B /* XCTestCase+FailableInsertFeedStoreSpecs.swift */; };
		9855796D2C85D7C300B3B46B /* XCTestCase+FailableDeleteFeedStoreSpecs.swift in Sources */ = {isa = PBXBuildFile; fileRef = 9855796C2C85D7C300B3B46B /* XCTestCase+FailableDeleteFeedStoreSpecs.swift */; };
		98A015182C74650900B484D7 /* EssentialFeed.framework in Frameworks */ = {isa = PBXBuildFile; fileRef = 98A0150F2C74650800B484D7 /* EssentialFeed.framework */; };
		98A0151D2C74650900B484D7 /* LoadFeedFromRemoteUseCaseTests.swift in Sources */ = {isa = PBXBuildFile; fileRef = 98A0151C2C74650900B484D7 /* LoadFeedFromRemoteUseCaseTests.swift */; };
		98A015282C7465C700B484D7 /* FeedImage.swift in Sources */ = {isa = PBXBuildFile; fileRef = 98A015272C7465C700B484D7 /* FeedImage.swift */; };
		98A0152A2C74675600B484D7 /* FeedLoader.swift in Sources */ = {isa = PBXBuildFile; fileRef = 98A015292C74675600B484D7 /* FeedLoader.swift */; };
		98C67A5D2D041EC700B88C20 /* EssentialFeediOS.framework in Frameworks */ = {isa = PBXBuildFile; fileRef = 98C67A532D041EC600B88C20 /* EssentialFeediOS.framework */; };
		98C67A752D04231800B88C20 /* CI_iOS.xctestplan in Resources */ = {isa = PBXBuildFile; fileRef = 98C67A742D04231800B88C20 /* CI_iOS.xctestplan */; };
		98C67A762D04231800B88C20 /* CI_iOS.xctestplan in Resources */ = {isa = PBXBuildFile; fileRef = 98C67A742D04231800B88C20 /* CI_iOS.xctestplan */; };
		98C67A772D04231800B88C20 /* CI_iOS.xctestplan in Resources */ = {isa = PBXBuildFile; fileRef = 98C67A742D04231800B88C20 /* CI_iOS.xctestplan */; };
		98C67A982D044AE000B88C20 /* XCTestCase+MemoryLeakTracking.swift in Sources */ = {isa = PBXBuildFile; fileRef = 981AE4A42C78635C009DB408 /* XCTestCase+MemoryLeakTracking.swift */; };
		98C67A9E2D07BBA300B88C20 /* EssentialFeed.framework in Frameworks */ = {isa = PBXBuildFile; fileRef = 98A0150F2C74650800B484D7 /* EssentialFeed.framework */; platformFilter = ios; };
		98C67A9F2D07BBA300B88C20 /* EssentialFeed.framework in Embed Frameworks */ = {isa = PBXBuildFile; fileRef = 98A0150F2C74650800B484D7 /* EssentialFeed.framework */; platformFilter = ios; settings = {ATTRIBUTES = (CodeSignOnCopy, RemoveHeadersOnCopy, ); }; };
		98DB73342C86B98E0081D366 /* CoreDataFeedStoreTests.swift in Sources */ = {isa = PBXBuildFile; fileRef = 98DB73332C86B98E0081D366 /* CoreDataFeedStoreTests.swift */; };
		98DB73362C86BA8F0081D366 /* CoreDataFeedStore.swift in Sources */ = {isa = PBXBuildFile; fileRef = 98DB73352C86BA8F0081D366 /* CoreDataFeedStore.swift */; };
		98DB73392C86EBF50081D366 /* FeedStore.xcdatamodeld in Sources */ = {isa = PBXBuildFile; fileRef = 98DB73372C86EBF40081D366 /* FeedStore.xcdatamodeld */; };
		98DB733E2C88695E0081D366 /* CoreDataHelpers.swift in Sources */ = {isa = PBXBuildFile; fileRef = 98DB733D2C88695E0081D366 /* CoreDataHelpers.swift */; };
		98DB73402C8869D00081D366 /* ManagedCache.swift in Sources */ = {isa = PBXBuildFile; fileRef = 98DB733F2C8869D00081D366 /* ManagedCache.swift */; };
		98DB73422C8869E60081D366 /* ManagedFeedImage.swift in Sources */ = {isa = PBXBuildFile; fileRef = 98DB73412C8869E60081D366 /* ManagedFeedImage.swift */; };
		98DB734A2C89DB590081D366 /* EssentialFeedCacheIntegrationTests.swift in Sources */ = {isa = PBXBuildFile; fileRef = 98DB73492C89DB590081D366 /* EssentialFeedCacheIntegrationTests.swift */; };
		98DB734B2C89DB590081D366 /* EssentialFeed.framework in Frameworks */ = {isa = PBXBuildFile; fileRef = 98A0150F2C74650800B484D7 /* EssentialFeed.framework */; };
		98DB73512C8ACF220081D366 /* XCTestCase+MemoryLeakTracking.swift in Sources */ = {isa = PBXBuildFile; fileRef = 981AE4A42C78635C009DB408 /* XCTestCase+MemoryLeakTracking.swift */; };
		98DB73522C8ADC160081D366 /* FeedCacheTestHelpers.swift in Sources */ = {isa = PBXBuildFile; fileRef = 985579582C81896F00B3B46B /* FeedCacheTestHelpers.swift */; };
		98DB73532C8ADC250081D366 /* SharedTestHelpers.swift in Sources */ = {isa = PBXBuildFile; fileRef = 9855795A2C818A4D00B3B46B /* SharedTestHelpers.swift */; };
/* End PBXBuildFile section */

/* Begin PBXContainerItemProxy section */
		981AE4BF2C7D7548009DB408 /* PBXContainerItemProxy */ = {
			isa = PBXContainerItemProxy;
			containerPortal = 98A015062C74650800B484D7 /* Project object */;
			proxyType = 1;
			remoteGlobalIDString = 98A0150E2C74650800B484D7;
			remoteInfo = EssentialFeed;
		};
		98A015192C74650900B484D7 /* PBXContainerItemProxy */ = {
			isa = PBXContainerItemProxy;
			containerPortal = 98A015062C74650800B484D7 /* Project object */;
			proxyType = 1;
			remoteGlobalIDString = 98A0150E2C74650800B484D7;
			remoteInfo = EssentialFeed;
		};
		98C67A5E2D041EC700B88C20 /* PBXContainerItemProxy */ = {
			isa = PBXContainerItemProxy;
			containerPortal = 98A015062C74650800B484D7 /* Project object */;
			proxyType = 1;
			remoteGlobalIDString = 98C67A522D041EC600B88C20;
			remoteInfo = EssentialFeediOS;
		};
		98C67AA02D07BBA300B88C20 /* PBXContainerItemProxy */ = {
			isa = PBXContainerItemProxy;
			containerPortal = 98A015062C74650800B484D7 /* Project object */;
			proxyType = 1;
			remoteGlobalIDString = 98A0150E2C74650800B484D7;
			remoteInfo = EssentialFeed;
		};
		98DB734C2C89DB590081D366 /* PBXContainerItemProxy */ = {
			isa = PBXContainerItemProxy;
			containerPortal = 98A015062C74650800B484D7 /* Project object */;
			proxyType = 1;
			remoteGlobalIDString = 98A0150E2C74650800B484D7;
			remoteInfo = EssentialFeed;
		};
/* End PBXContainerItemProxy section */

/* Begin PBXCopyFilesBuildPhase section */
		98C67AA22D07BBA300B88C20 /* Embed Frameworks */ = {
			isa = PBXCopyFilesBuildPhase;
			buildActionMask = 2147483647;
			dstPath = "";
			dstSubfolderSpec = 10;
			files = (
				98C67A9F2D07BBA300B88C20 /* EssentialFeed.framework in Embed Frameworks */,
			);
			name = "Embed Frameworks";
			runOnlyForDeploymentPostprocessing = 0;
		};
/* End PBXCopyFilesBuildPhase section */

/* Begin PBXFileReference section */
		9804821D2D0B9E5200D7400D /* FeedImageDataLoader.swift */ = {isa = PBXFileReference; lastKnownFileType = sourcecode.swift; path = FeedImageDataLoader.swift; sourceTree = "<group>"; };
		980482642D0BA53100D7400D /* LoadFeedImageDataFromRemoteUseCaseTests.swift */ = {isa = PBXFileReference; lastKnownFileType = sourcecode.swift; path = LoadFeedImageDataFromRemoteUseCaseTests.swift; sourceTree = "<group>"; };
		980482662D0BD1B400D7400D /* HTTPClientSpy.swift */ = {isa = PBXFileReference; lastKnownFileType = sourcecode.swift; path = HTTPClientSpy.swift; sourceTree = "<group>"; };
		9804826B2D0BD33E00D7400D /* RemoteFeedImageDataLoader.swift */ = {isa = PBXFileReference; lastKnownFileType = sourcecode.swift; path = RemoteFeedImageDataLoader.swift; sourceTree = "<group>"; };
		980482752D0BE16200D7400D /* LoadFeedImageDataFromCacheUseCaseTests.swift */ = {isa = PBXFileReference; lastKnownFileType = sourcecode.swift; path = LoadFeedImageDataFromCacheUseCaseTests.swift; sourceTree = "<group>"; };
		980482772D0E446C00D7400D /* FeedImageDataStore.swift */ = {isa = PBXFileReference; lastKnownFileType = sourcecode.swift; path = FeedImageDataStore.swift; sourceTree = "<group>"; };
		980482792D0E447F00D7400D /* LocalFeedImageDataLoader.swift */ = {isa = PBXFileReference; lastKnownFileType = sourcecode.swift; path = LocalFeedImageDataLoader.swift; sourceTree = "<group>"; };
		981AE4642C749F87009DB408 /* RemoteFeedLoader.swift */ = {isa = PBXFileReference; lastKnownFileType = sourcecode.swift; path = RemoteFeedLoader.swift; sourceTree = "<group>"; };
		981AE49C2C75BE71009DB408 /* HTTPClient.swift */ = {isa = PBXFileReference; lastKnownFileType = sourcecode.swift; path = HTTPClient.swift; sourceTree = "<group>"; };
		981AE49E2C75BF21009DB408 /* FeedItemsMapper.swift */ = {isa = PBXFileReference; lastKnownFileType = sourcecode.swift; path = FeedItemsMapper.swift; sourceTree = "<group>"; };
		981AE4A12C7716B5009DB408 /* URLSessionHTTPClientTests.swift */ = {isa = PBXFileReference; lastKnownFileType = sourcecode.swift; path = URLSessionHTTPClientTests.swift; sourceTree = "<group>"; };
		981AE4A42C78635C009DB408 /* XCTestCase+MemoryLeakTracking.swift */ = {isa = PBXFileReference; lastKnownFileType = sourcecode.swift; path = "XCTestCase+MemoryLeakTracking.swift"; sourceTree = "<group>"; };
		981AE4B02C7C7420009DB408 /* EssentialFeed.xctestplan */ = {isa = PBXFileReference; lastKnownFileType = text; path = EssentialFeed.xctestplan; sourceTree = "<group>"; };
		981AE4B12C7C7A39009DB408 /* URLSessionHTTPClient.swift */ = {isa = PBXFileReference; lastKnownFileType = sourcecode.swift; path = URLSessionHTTPClient.swift; sourceTree = "<group>"; };
		981AE4BA2C7D7548009DB408 /* EssentialFeedAPIEndToEndTests.xctest */ = {isa = PBXFileReference; explicitFileType = wrapper.cfbundle; includeInIndex = 0; path = EssentialFeedAPIEndToEndTests.xctest; sourceTree = BUILT_PRODUCTS_DIR; };
		981AE4BC2C7D7548009DB408 /* EssentialFeedAPIEndToEndTests.swift */ = {isa = PBXFileReference; lastKnownFileType = sourcecode.swift; path = EssentialFeedAPIEndToEndTests.swift; sourceTree = "<group>"; };
		981AE4D02C7ED9CC009DB408 /* CacheFeedUseCaseTests.swift */ = {isa = PBXFileReference; lastKnownFileType = sourcecode.swift; path = CacheFeedUseCaseTests.swift; sourceTree = "<group>"; };
		981AE4D32C7F0BBD009DB408 /* LocalFeedLoader.swift */ = {isa = PBXFileReference; lastKnownFileType = sourcecode.swift; path = LocalFeedLoader.swift; sourceTree = "<group>"; };
		981AE4D52C7F0C68009DB408 /* FeedStore.swift */ = {isa = PBXFileReference; lastKnownFileType = sourcecode.swift; path = FeedStore.swift; sourceTree = "<group>"; };
		9855794D2C80521100B3B46B /* RemoteFeedItem.swift */ = {isa = PBXFileReference; lastKnownFileType = sourcecode.swift; path = RemoteFeedItem.swift; sourceTree = "<group>"; };
		9855794F2C80526F00B3B46B /* LocalFeedImage.swift */ = {isa = PBXFileReference; lastKnownFileType = sourcecode.swift; path = LocalFeedImage.swift; sourceTree = "<group>"; };
		985579512C8059E800B3B46B /* LoadFeedFromCacheUseCaseTests.swift */ = {isa = PBXFileReference; lastKnownFileType = sourcecode.swift; path = LoadFeedFromCacheUseCaseTests.swift; sourceTree = "<group>"; };
		985579542C805C1900B3B46B /* FeedStoreSpy.swift */ = {isa = PBXFileReference; lastKnownFileType = sourcecode.swift; path = FeedStoreSpy.swift; sourceTree = "<group>"; };
		985579562C8184B300B3B46B /* ValidateFeedCacheUseCaseTests.swift */ = {isa = PBXFileReference; lastKnownFileType = sourcecode.swift; path = ValidateFeedCacheUseCaseTests.swift; sourceTree = "<group>"; };
		985579582C81896F00B3B46B /* FeedCacheTestHelpers.swift */ = {isa = PBXFileReference; lastKnownFileType = sourcecode.swift; path = FeedCacheTestHelpers.swift; sourceTree = "<group>"; };
		9855795A2C818A4D00B3B46B /* SharedTestHelpers.swift */ = {isa = PBXFileReference; lastKnownFileType = sourcecode.swift; path = SharedTestHelpers.swift; sourceTree = "<group>"; };
		9855795C2C81A63B00B3B46B /* FeedCachePolicy.swift */ = {isa = PBXFileReference; lastKnownFileType = sourcecode.swift; path = FeedCachePolicy.swift; sourceTree = "<group>"; };
		985579622C841AEB00B3B46B /* CodableFeedStore.swift */ = {isa = PBXFileReference; lastKnownFileType = sourcecode.swift; path = CodableFeedStore.swift; sourceTree = "<group>"; };
		985579642C85CCCC00B3B46B /* FeedStoreSpecs.swift */ = {isa = PBXFileReference; lastKnownFileType = sourcecode.swift; path = FeedStoreSpecs.swift; sourceTree = "<group>"; };
		985579662C85CDB900B3B46B /* XCTestCase+FeedStoreSpecs.swift */ = {isa = PBXFileReference; lastKnownFileType = sourcecode.swift; path = "XCTestCase+FeedStoreSpecs.swift"; sourceTree = "<group>"; };
		985579682C85D60800B3B46B /* XCTestCase+failableRetrieveFeedStoreSpecs.swift */ = {isa = PBXFileReference; lastKnownFileType = sourcecode.swift; path = "XCTestCase+failableRetrieveFeedStoreSpecs.swift"; sourceTree = "<group>"; };
		9855796A2C85D6D000B3B46B /* XCTestCase+FailableInsertFeedStoreSpecs.swift */ = {isa = PBXFileReference; lastKnownFileType = sourcecode.swift; path = "XCTestCase+FailableInsertFeedStoreSpecs.swift"; sourceTree = "<group>"; };
		9855796C2C85D7C300B3B46B /* XCTestCase+FailableDeleteFeedStoreSpecs.swift */ = {isa = PBXFileReference; lastKnownFileType = sourcecode.swift; path = "XCTestCase+FailableDeleteFeedStoreSpecs.swift"; sourceTree = "<group>"; };
		98A0150F2C74650800B484D7 /* EssentialFeed.framework */ = {isa = PBXFileReference; explicitFileType = wrapper.framework; includeInIndex = 0; path = EssentialFeed.framework; sourceTree = BUILT_PRODUCTS_DIR; };
		98A015172C74650900B484D7 /* EssentialFeedTests.xctest */ = {isa = PBXFileReference; explicitFileType = wrapper.cfbundle; includeInIndex = 0; path = EssentialFeedTests.xctest; sourceTree = BUILT_PRODUCTS_DIR; };
		98A0151C2C74650900B484D7 /* LoadFeedFromRemoteUseCaseTests.swift */ = {isa = PBXFileReference; lastKnownFileType = sourcecode.swift; path = LoadFeedFromRemoteUseCaseTests.swift; sourceTree = "<group>"; };
		98A015272C7465C700B484D7 /* FeedImage.swift */ = {isa = PBXFileReference; lastKnownFileType = sourcecode.swift; path = FeedImage.swift; sourceTree = "<group>"; };
		98A015292C74675600B484D7 /* FeedLoader.swift */ = {isa = PBXFileReference; lastKnownFileType = sourcecode.swift; path = FeedLoader.swift; sourceTree = "<group>"; };
		98C67A4D2D041BC300B88C20 /* EssentialFeedAPIEndToEndTests.xctestplan */ = {isa = PBXFileReference; lastKnownFileType = text; path = EssentialFeedAPIEndToEndTests.xctestplan; sourceTree = "<group>"; };
		98C67A532D041EC600B88C20 /* EssentialFeediOS.framework */ = {isa = PBXFileReference; explicitFileType = wrapper.framework; includeInIndex = 0; path = EssentialFeediOS.framework; sourceTree = BUILT_PRODUCTS_DIR; };
		98C67A5C2D041EC700B88C20 /* EssentialFeediOSTests.xctest */ = {isa = PBXFileReference; explicitFileType = wrapper.cfbundle; includeInIndex = 0; path = EssentialFeediOSTests.xctest; sourceTree = BUILT_PRODUCTS_DIR; };
		98C67A6B2D041F6B00B88C20 /* EssentialFeediOS.xctestplan */ = {isa = PBXFileReference; lastKnownFileType = text; path = EssentialFeediOS.xctestplan; sourceTree = "<group>"; };
		98C67A742D04231800B88C20 /* CI_iOS.xctestplan */ = {isa = PBXFileReference; lastKnownFileType = text; path = CI_iOS.xctestplan; sourceTree = "<group>"; };
		98CA2C5E2C74738C00E44307 /* CI.xctestplan */ = {isa = PBXFileReference; lastKnownFileType = text; path = CI.xctestplan; sourceTree = "<group>"; };
		98DB73332C86B98E0081D366 /* CoreDataFeedStoreTests.swift */ = {isa = PBXFileReference; lastKnownFileType = sourcecode.swift; path = CoreDataFeedStoreTests.swift; sourceTree = "<group>"; };
		98DB73352C86BA8F0081D366 /* CoreDataFeedStore.swift */ = {isa = PBXFileReference; lastKnownFileType = sourcecode.swift; path = CoreDataFeedStore.swift; sourceTree = "<group>"; };
		98DB73382C86EBF50081D366 /* FeedStore.xcdatamodel */ = {isa = PBXFileReference; lastKnownFileType = wrapper.xcdatamodel; path = FeedStore.xcdatamodel; sourceTree = "<group>"; };
		98DB733D2C88695E0081D366 /* CoreDataHelpers.swift */ = {isa = PBXFileReference; lastKnownFileType = sourcecode.swift; path = CoreDataHelpers.swift; sourceTree = "<group>"; };
		98DB733F2C8869D00081D366 /* ManagedCache.swift */ = {isa = PBXFileReference; lastKnownFileType = sourcecode.swift; path = ManagedCache.swift; sourceTree = "<group>"; };
		98DB73412C8869E60081D366 /* ManagedFeedImage.swift */ = {isa = PBXFileReference; lastKnownFileType = sourcecode.swift; path = ManagedFeedImage.swift; sourceTree = "<group>"; };
		98DB73472C89DB590081D366 /* EssentialFeedCacheIntegrationTests.xctest */ = {isa = PBXFileReference; explicitFileType = wrapper.cfbundle; includeInIndex = 0; path = EssentialFeedCacheIntegrationTests.xctest; sourceTree = BUILT_PRODUCTS_DIR; };
		98DB73492C89DB590081D366 /* EssentialFeedCacheIntegrationTests.swift */ = {isa = PBXFileReference; lastKnownFileType = sourcecode.swift; path = EssentialFeedCacheIntegrationTests.swift; sourceTree = "<group>"; };
/* End PBXFileReference section */

/* Begin PBXFileSystemSynchronizedRootGroup section */
		9804826D2D0BD7D800D7400D /* Helpers */ = {isa = PBXFileSystemSynchronizedRootGroup; explicitFileTypes = {}; explicitFolders = (); path = Helpers; sourceTree = "<group>"; };
		980482722D0BD83100D7400D /* Helpers */ = {isa = PBXFileSystemSynchronizedRootGroup; explicitFileTypes = {}; explicitFolders = (); path = Helpers; sourceTree = "<group>"; };
		985225FB2D0B050000A59798 /* Feed Presentation */ = {isa = PBXFileSystemSynchronizedRootGroup; explicitFileTypes = {}; explicitFolders = (); path = "Feed Presentation"; sourceTree = "<group>"; };
		985225FF2D0B0CCD00A59798 /* Feed Presentation */ = {isa = PBXFileSystemSynchronizedRootGroup; explicitFileTypes = {}; explicitFolders = (); path = "Feed Presentation"; sourceTree = "<group>"; };
		98C67A542D041EC600B88C20 /* EssentialFeediOS */ = {isa = PBXFileSystemSynchronizedRootGroup; explicitFileTypes = {}; explicitFolders = (); path = EssentialFeediOS; sourceTree = "<group>"; };
		98C67A602D041EC700B88C20 /* EssentialFeediOSTests */ = {isa = PBXFileSystemSynchronizedRootGroup; explicitFileTypes = {}; explicitFolders = (); path = EssentialFeediOSTests; sourceTree = "<group>"; };
/* End PBXFileSystemSynchronizedRootGroup section */

/* Begin PBXFrameworksBuildPhase section */
		981AE4B72C7D7548009DB408 /* Frameworks */ = {
			isa = PBXFrameworksBuildPhase;
			buildActionMask = 2147483647;
			files = (
				981AE4BE2C7D7548009DB408 /* EssentialFeed.framework in Frameworks */,
			);
			runOnlyForDeploymentPostprocessing = 0;
		};
		98A0150C2C74650800B484D7 /* Frameworks */ = {
			isa = PBXFrameworksBuildPhase;
			buildActionMask = 2147483647;
			files = (
			);
			runOnlyForDeploymentPostprocessing = 0;
		};
		98A015142C74650900B484D7 /* Frameworks */ = {
			isa = PBXFrameworksBuildPhase;
			buildActionMask = 2147483647;
			files = (
				98A015182C74650900B484D7 /* EssentialFeed.framework in Frameworks */,
			);
			runOnlyForDeploymentPostprocessing = 0;
		};
		98C67A502D041EC600B88C20 /* Frameworks */ = {
			isa = PBXFrameworksBuildPhase;
			buildActionMask = 2147483647;
			files = (
				98C67A9E2D07BBA300B88C20 /* EssentialFeed.framework in Frameworks */,
			);
			runOnlyForDeploymentPostprocessing = 0;
		};
		98C67A592D041EC700B88C20 /* Frameworks */ = {
			isa = PBXFrameworksBuildPhase;
			buildActionMask = 2147483647;
			files = (
				98C67A5D2D041EC700B88C20 /* EssentialFeediOS.framework in Frameworks */,
			);
			runOnlyForDeploymentPostprocessing = 0;
		};
		98DB73442C89DB590081D366 /* Frameworks */ = {
			isa = PBXFrameworksBuildPhase;
			buildActionMask = 2147483647;
			files = (
				98DB734B2C89DB590081D366 /* EssentialFeed.framework in Frameworks */,
			);
			runOnlyForDeploymentPostprocessing = 0;
		};
/* End PBXFrameworksBuildPhase section */

/* Begin PBXGroup section */
		981AE4632C749F5B009DB408 /* Feed API */ = {
			isa = PBXGroup;
			children = (
				9804826D2D0BD7D800D7400D /* Helpers */,
				981AE4642C749F87009DB408 /* RemoteFeedLoader.swift */,
				981AE49C2C75BE71009DB408 /* HTTPClient.swift */,
				981AE49E2C75BF21009DB408 /* FeedItemsMapper.swift */,
				9855794D2C80521100B3B46B /* RemoteFeedItem.swift */,
				981AE4B12C7C7A39009DB408 /* URLSessionHTTPClient.swift */,
				9804826B2D0BD33E00D7400D /* RemoteFeedImageDataLoader.swift */,
			);
			path = "Feed API";
			sourceTree = "<group>";
		};
		981AE4A02C75C9F3009DB408 /* Feed API */ = {
			isa = PBXGroup;
			children = (
				980482722D0BD83100D7400D /* Helpers */,
				98A0151C2C74650900B484D7 /* LoadFeedFromRemoteUseCaseTests.swift */,
				981AE4A12C7716B5009DB408 /* URLSessionHTTPClientTests.swift */,
				980482642D0BA53100D7400D /* LoadFeedImageDataFromRemoteUseCaseTests.swift */,
			);
			path = "Feed API";
			sourceTree = "<group>";
		};
		981AE4A32C78633F009DB408 /* Helpers */ = {
			isa = PBXGroup;
			children = (
				981AE4A42C78635C009DB408 /* XCTestCase+MemoryLeakTracking.swift */,
				9855795A2C818A4D00B3B46B /* SharedTestHelpers.swift */,
				980482662D0BD1B400D7400D /* HTTPClientSpy.swift */,
			);
			path = Helpers;
			sourceTree = "<group>";
		};
		981AE4BB2C7D7548009DB408 /* EssentialFeedAPIEndToEndTests */ = {
			isa = PBXGroup;
			children = (
				981AE4BC2C7D7548009DB408 /* EssentialFeedAPIEndToEndTests.swift */,
			);
			path = EssentialFeedAPIEndToEndTests;
			sourceTree = "<group>";
		};
		981AE4CF2C7ED8EF009DB408 /* Feed Cache */ = {
			isa = PBXGroup;
			children = (
				9855796E2C85D83700B3B46B /* FeedStoreSpecs */,
				985579532C805C0800B3B46B /* Helpers */,
				981AE4D02C7ED9CC009DB408 /* CacheFeedUseCaseTests.swift */,
				985579512C8059E800B3B46B /* LoadFeedFromCacheUseCaseTests.swift */,
				985579562C8184B300B3B46B /* ValidateFeedCacheUseCaseTests.swift */,
				98DB73332C86B98E0081D366 /* CoreDataFeedStoreTests.swift */,
				980482752D0BE16200D7400D /* LoadFeedImageDataFromCacheUseCaseTests.swift */,
			);
			path = "Feed Cache";
			sourceTree = "<group>";
		};
		981AE4D22C7F0BAF009DB408 /* Feed Cache */ = {
			isa = PBXGroup;
			children = (
				98DB733A2C8868310081D366 /* Infrastructure */,
				981AE4D32C7F0BBD009DB408 /* LocalFeedLoader.swift */,
				9855795C2C81A63B00B3B46B /* FeedCachePolicy.swift */,
				981AE4D52C7F0C68009DB408 /* FeedStore.swift */,
				9855794F2C80526F00B3B46B /* LocalFeedImage.swift */,
				98DB73372C86EBF40081D366 /* FeedStore.xcdatamodeld */,
				980482772D0E446C00D7400D /* FeedImageDataStore.swift */,
				980482792D0E447F00D7400D /* LocalFeedImageDataLoader.swift */,
			);
			path = "Feed Cache";
			sourceTree = "<group>";
		};
		985579532C805C0800B3B46B /* Helpers */ = {
			isa = PBXGroup;
			children = (
				985579542C805C1900B3B46B /* FeedStoreSpy.swift */,
				985579582C81896F00B3B46B /* FeedCacheTestHelpers.swift */,
			);
			path = Helpers;
			sourceTree = "<group>";
		};
		9855796E2C85D83700B3B46B /* FeedStoreSpecs */ = {
			isa = PBXGroup;
			children = (
				985579662C85CDB900B3B46B /* XCTestCase+FeedStoreSpecs.swift */,
				985579682C85D60800B3B46B /* XCTestCase+failableRetrieveFeedStoreSpecs.swift */,
				9855796A2C85D6D000B3B46B /* XCTestCase+FailableInsertFeedStoreSpecs.swift */,
				9855796C2C85D7C300B3B46B /* XCTestCase+FailableDeleteFeedStoreSpecs.swift */,
				985579642C85CCCC00B3B46B /* FeedStoreSpecs.swift */,
			);
			path = FeedStoreSpecs;
			sourceTree = "<group>";
		};
		98A015052C74650800B484D7 = {
			isa = PBXGroup;
			children = (
				98C67A6B2D041F6B00B88C20 /* EssentialFeediOS.xctestplan */,
				98C67A742D04231800B88C20 /* CI_iOS.xctestplan */,
				98C67A4D2D041BC300B88C20 /* EssentialFeedAPIEndToEndTests.xctestplan */,
				981AE4B02C7C7420009DB408 /* EssentialFeed.xctestplan */,
				98CA2C5E2C74738C00E44307 /* CI.xctestplan */,
				98A015112C74650800B484D7 /* EssentialFeed */,
				98A0151B2C74650900B484D7 /* EssentialFeedTests */,
				981AE4BB2C7D7548009DB408 /* EssentialFeedAPIEndToEndTests */,
				98DB73482C89DB590081D366 /* EssentialFeedCacheIntegrationTests */,
				98C67A542D041EC600B88C20 /* EssentialFeediOS */,
				98C67A602D041EC700B88C20 /* EssentialFeediOSTests */,
				98C67A9D2D07BBA300B88C20 /* Frameworks */,
				98A015102C74650800B484D7 /* Products */,
			);
			sourceTree = "<group>";
		};
		98A015102C74650800B484D7 /* Products */ = {
			isa = PBXGroup;
			children = (
				98A0150F2C74650800B484D7 /* EssentialFeed.framework */,
				98A015172C74650900B484D7 /* EssentialFeedTests.xctest */,
				981AE4BA2C7D7548009DB408 /* EssentialFeedAPIEndToEndTests.xctest */,
				98DB73472C89DB590081D366 /* EssentialFeedCacheIntegrationTests.xctest */,
				98C67A532D041EC600B88C20 /* EssentialFeediOS.framework */,
				98C67A5C2D041EC700B88C20 /* EssentialFeediOSTests.xctest */,
			);
			name = Products;
			sourceTree = "<group>";
		};
		98A015112C74650800B484D7 /* EssentialFeed */ = {
			isa = PBXGroup;
			children = (
				985225FF2D0B0CCD00A59798 /* Feed Presentation */,
				981AE4D22C7F0BAF009DB408 /* Feed Cache */,
				98A0152B2C74681900B484D7 /* Feed Feature */,
				981AE4632C749F5B009DB408 /* Feed API */,
			);
			path = EssentialFeed;
			sourceTree = "<group>";
		};
		98A0151B2C74650900B484D7 /* EssentialFeedTests */ = {
			isa = PBXGroup;
			children = (
				985225FB2D0B050000A59798 /* Feed Presentation */,
				981AE4A32C78633F009DB408 /* Helpers */,
				981AE4CF2C7ED8EF009DB408 /* Feed Cache */,
				981AE4A02C75C9F3009DB408 /* Feed API */,
			);
			path = EssentialFeedTests;
			sourceTree = "<group>";
		};
		98A0152B2C74681900B484D7 /* Feed Feature */ = {
			isa = PBXGroup;
			children = (
				9804821D2D0B9E5200D7400D /* FeedImageDataLoader.swift */,
				98A015272C7465C700B484D7 /* FeedImage.swift */,
				98A015292C74675600B484D7 /* FeedLoader.swift */,
			);
			path = "Feed Feature";
			sourceTree = "<group>";
		};
		98C67A9D2D07BBA300B88C20 /* Frameworks */ = {
			isa = PBXGroup;
			children = (
			);
			name = Frameworks;
			sourceTree = "<group>";
		};
		98DB733A2C8868310081D366 /* Infrastructure */ = {
			isa = PBXGroup;
			children = (
				98DB733C2C88694C0081D366 /* Codable */,
				98DB733B2C8869450081D366 /* CoreData */,
			);
			path = Infrastructure;
			sourceTree = "<group>";
		};
		98DB733B2C8869450081D366 /* CoreData */ = {
			isa = PBXGroup;
			children = (
				98DB73352C86BA8F0081D366 /* CoreDataFeedStore.swift */,
				98DB73412C8869E60081D366 /* ManagedFeedImage.swift */,
				98DB733F2C8869D00081D366 /* ManagedCache.swift */,
				98DB733D2C88695E0081D366 /* CoreDataHelpers.swift */,
			);
			path = CoreData;
			sourceTree = "<group>";
		};
		98DB733C2C88694C0081D366 /* Codable */ = {
			isa = PBXGroup;
			children = (
				985579622C841AEB00B3B46B /* CodableFeedStore.swift */,
			);
			path = Codable;
			sourceTree = "<group>";
		};
		98DB73482C89DB590081D366 /* EssentialFeedCacheIntegrationTests */ = {
			isa = PBXGroup;
			children = (
				98DB73492C89DB590081D366 /* EssentialFeedCacheIntegrationTests.swift */,
			);
			path = EssentialFeedCacheIntegrationTests;
			sourceTree = "<group>";
		};
/* End PBXGroup section */

/* Begin PBXHeadersBuildPhase section */
		98A0150A2C74650800B484D7 /* Headers */ = {
			isa = PBXHeadersBuildPhase;
			buildActionMask = 2147483647;
			files = (
			);
			runOnlyForDeploymentPostprocessing = 0;
		};
		98C67A4E2D041EC600B88C20 /* Headers */ = {
			isa = PBXHeadersBuildPhase;
			buildActionMask = 2147483647;
			files = (
			);
			runOnlyForDeploymentPostprocessing = 0;
		};
/* End PBXHeadersBuildPhase section */

/* Begin PBXNativeTarget section */
		981AE4B92C7D7548009DB408 /* EssentialFeedAPIEndToEndTests */ = {
			isa = PBXNativeTarget;
			buildConfigurationList = 981AE4C12C7D7548009DB408 /* Build configuration list for PBXNativeTarget "EssentialFeedAPIEndToEndTests" */;
			buildPhases = (
				981AE4B62C7D7548009DB408 /* Sources */,
				981AE4B72C7D7548009DB408 /* Frameworks */,
				981AE4B82C7D7548009DB408 /* Resources */,
			);
			buildRules = (
			);
			dependencies = (
				981AE4C02C7D7548009DB408 /* PBXTargetDependency */,
			);
			name = EssentialFeedAPIEndToEndTests;
			productName = EssentialFeedAPIEndToEndTests;
			productReference = 981AE4BA2C7D7548009DB408 /* EssentialFeedAPIEndToEndTests.xctest */;
			productType = "com.apple.product-type.bundle.unit-test";
		};
		98A0150E2C74650800B484D7 /* EssentialFeed */ = {
			isa = PBXNativeTarget;
			buildConfigurationList = 98A015212C74650900B484D7 /* Build configuration list for PBXNativeTarget "EssentialFeed" */;
			buildPhases = (
				98A0150A2C74650800B484D7 /* Headers */,
				98A0150B2C74650800B484D7 /* Sources */,
				98A0150C2C74650800B484D7 /* Frameworks */,
				98A0150D2C74650800B484D7 /* Resources */,
			);
			buildRules = (
			);
			dependencies = (
			);
			fileSystemSynchronizedGroups = (
				9804826D2D0BD7D800D7400D /* Helpers */,
				985225FF2D0B0CCD00A59798 /* Feed Presentation */,
			);
			name = EssentialFeed;
			productName = EssentialFeed;
			productReference = 98A0150F2C74650800B484D7 /* EssentialFeed.framework */;
			productType = "com.apple.product-type.framework";
		};
		98A015162C74650900B484D7 /* EssentialFeedTests */ = {
			isa = PBXNativeTarget;
			buildConfigurationList = 98A015242C74650900B484D7 /* Build configuration list for PBXNativeTarget "EssentialFeedTests" */;
			buildPhases = (
				98A015132C74650900B484D7 /* Sources */,
				98A015142C74650900B484D7 /* Frameworks */,
				98A015152C74650900B484D7 /* Resources */,
			);
			buildRules = (
			);
			dependencies = (
				98A0151A2C74650900B484D7 /* PBXTargetDependency */,
			);
			fileSystemSynchronizedGroups = (
				980482722D0BD83100D7400D /* Helpers */,
				985225FB2D0B050000A59798 /* Feed Presentation */,
			);
			name = EssentialFeedTests;
			productName = EssentialFeedTests;
			productReference = 98A015172C74650900B484D7 /* EssentialFeedTests.xctest */;
			productType = "com.apple.product-type.bundle.unit-test";
		};
		98C67A522D041EC600B88C20 /* EssentialFeediOS */ = {
			isa = PBXNativeTarget;
			buildConfigurationList = 98C67A652D041EC700B88C20 /* Build configuration list for PBXNativeTarget "EssentialFeediOS" */;
			buildPhases = (
				98C67A4E2D041EC600B88C20 /* Headers */,
				98C67A4F2D041EC600B88C20 /* Sources */,
				98C67A502D041EC600B88C20 /* Frameworks */,
				98C67A512D041EC600B88C20 /* Resources */,
				98C67AA22D07BBA300B88C20 /* Embed Frameworks */,
			);
			buildRules = (
			);
			dependencies = (
				98C67AA12D07BBA300B88C20 /* PBXTargetDependency */,
			);
			fileSystemSynchronizedGroups = (
				98C67A542D041EC600B88C20 /* EssentialFeediOS */,
			);
			name = EssentialFeediOS;
			packageProductDependencies = (
			);
			productName = EssentialFeediOS;
			productReference = 98C67A532D041EC600B88C20 /* EssentialFeediOS.framework */;
			productType = "com.apple.product-type.framework";
		};
		98C67A5B2D041EC700B88C20 /* EssentialFeediOSTests */ = {
			isa = PBXNativeTarget;
			buildConfigurationList = 98C67A682D041EC700B88C20 /* Build configuration list for PBXNativeTarget "EssentialFeediOSTests" */;
			buildPhases = (
				98C67A582D041EC700B88C20 /* Sources */,
				98C67A592D041EC700B88C20 /* Frameworks */,
				98C67A5A2D041EC700B88C20 /* Resources */,
			);
			buildRules = (
			);
			dependencies = (
				98C67A5F2D041EC700B88C20 /* PBXTargetDependency */,
			);
			fileSystemSynchronizedGroups = (
				98C67A602D041EC700B88C20 /* EssentialFeediOSTests */,
			);
			name = EssentialFeediOSTests;
			packageProductDependencies = (
			);
			productName = EssentialFeediOSTests;
			productReference = 98C67A5C2D041EC700B88C20 /* EssentialFeediOSTests.xctest */;
			productType = "com.apple.product-type.bundle.unit-test";
		};
		98DB73462C89DB590081D366 /* EssentialFeedCacheIntegrationTests */ = {
			isa = PBXNativeTarget;
			buildConfigurationList = 98DB73502C89DB590081D366 /* Build configuration list for PBXNativeTarget "EssentialFeedCacheIntegrationTests" */;
			buildPhases = (
				98DB73432C89DB590081D366 /* Sources */,
				98DB73442C89DB590081D366 /* Frameworks */,
				98DB73452C89DB590081D366 /* Resources */,
			);
			buildRules = (
			);
			dependencies = (
				98DB734D2C89DB590081D366 /* PBXTargetDependency */,
			);
			name = EssentialFeedCacheIntegrationTests;
			productName = EssentialFeedCacheIntegrationTests;
			productReference = 98DB73472C89DB590081D366 /* EssentialFeedCacheIntegrationTests.xctest */;
			productType = "com.apple.product-type.bundle.unit-test";
		};
/* End PBXNativeTarget section */

/* Begin PBXProject section */
		98A015062C74650800B484D7 /* Project object */ = {
			isa = PBXProject;
			attributes = {
				BuildIndependentTargetsInParallel = 1;
				LastSwiftUpdateCheck = 1610;
				LastUpgradeCheck = 1540;
				TargetAttributes = {
					981AE4B92C7D7548009DB408 = {
						CreatedOnToolsVersion = 15.4;
					};
					98A0150E2C74650800B484D7 = {
						CreatedOnToolsVersion = 15.4;
						LastSwiftMigration = 1540;
					};
					98A015162C74650900B484D7 = {
						CreatedOnToolsVersion = 15.4;
					};
					98C67A522D041EC600B88C20 = {
						CreatedOnToolsVersion = 16.1;
					};
					98C67A5B2D041EC700B88C20 = {
						CreatedOnToolsVersion = 16.1;
						LastSwiftMigration = 1610;
					};
					98DB73462C89DB590081D366 = {
						CreatedOnToolsVersion = 15.4;
					};
				};
			};
			buildConfigurationList = 98A015092C74650800B484D7 /* Build configuration list for PBXProject "EssentialFeed" */;
			compatibilityVersion = "Xcode 14.0";
			developmentRegion = en;
			hasScannedForEncodings = 0;
			knownRegions = (
				en,
				Base,
				"pt-BR",
				el,
			);
			mainGroup = 98A015052C74650800B484D7;
			productRefGroup = 98A015102C74650800B484D7 /* Products */;
			projectDirPath = "";
			projectRoot = "";
			targets = (
				98A0150E2C74650800B484D7 /* EssentialFeed */,
				98A015162C74650900B484D7 /* EssentialFeedTests */,
				981AE4B92C7D7548009DB408 /* EssentialFeedAPIEndToEndTests */,
				98DB73462C89DB590081D366 /* EssentialFeedCacheIntegrationTests */,
				98C67A522D041EC600B88C20 /* EssentialFeediOS */,
				98C67A5B2D041EC700B88C20 /* EssentialFeediOSTests */,
			);
		};
/* End PBXProject section */

/* Begin PBXResourcesBuildPhase section */
		981AE4B82C7D7548009DB408 /* Resources */ = {
			isa = PBXResourcesBuildPhase;
			buildActionMask = 2147483647;
			files = (
			);
			runOnlyForDeploymentPostprocessing = 0;
		};
		98A0150D2C74650800B484D7 /* Resources */ = {
			isa = PBXResourcesBuildPhase;
			buildActionMask = 2147483647;
			files = (
				98C67A762D04231800B88C20 /* CI_iOS.xctestplan in Resources */,
			);
			runOnlyForDeploymentPostprocessing = 0;
		};
		98A015152C74650900B484D7 /* Resources */ = {
			isa = PBXResourcesBuildPhase;
			buildActionMask = 2147483647;
			files = (
			);
			runOnlyForDeploymentPostprocessing = 0;
		};
		98C67A512D041EC600B88C20 /* Resources */ = {
			isa = PBXResourcesBuildPhase;
			buildActionMask = 2147483647;
			files = (
				98C67A752D04231800B88C20 /* CI_iOS.xctestplan in Resources */,
			);
			runOnlyForDeploymentPostprocessing = 0;
		};
		98C67A5A2D041EC700B88C20 /* Resources */ = {
			isa = PBXResourcesBuildPhase;
			buildActionMask = 2147483647;
			files = (
				98C67A772D04231800B88C20 /* CI_iOS.xctestplan in Resources */,
			);
			runOnlyForDeploymentPostprocessing = 0;
		};
		98DB73452C89DB590081D366 /* Resources */ = {
			isa = PBXResourcesBuildPhase;
			buildActionMask = 2147483647;
			files = (
			);
			runOnlyForDeploymentPostprocessing = 0;
		};
/* End PBXResourcesBuildPhase section */

/* Begin PBXSourcesBuildPhase section */
		981AE4B62C7D7548009DB408 /* Sources */ = {
			isa = PBXSourcesBuildPhase;
			buildActionMask = 2147483647;
			files = (
				981AE4BD2C7D7548009DB408 /* EssentialFeedAPIEndToEndTests.swift in Sources */,
				980482682D0BD1B400D7400D /* HTTPClientSpy.swift in Sources */,
				981AE4C42C7D91DB009DB408 /* XCTestCase+MemoryLeakTracking.swift in Sources */,
			);
			runOnlyForDeploymentPostprocessing = 0;
		};
		98A0150B2C74650800B484D7 /* Sources */ = {
			isa = PBXSourcesBuildPhase;
			buildActionMask = 2147483647;
			files = (
				9804825D2D0B9F1F00D7400D /* FeedImageDataLoader.swift in Sources */,
				98DB733E2C88695E0081D366 /* CoreDataHelpers.swift in Sources */,
				981AE49F2C75BF21009DB408 /* FeedItemsMapper.swift in Sources */,
				98A0152A2C74675600B484D7 /* FeedLoader.swift in Sources */,
				9855794E2C80521100B3B46B /* RemoteFeedItem.swift in Sources */,
				9855795D2C81A63B00B3B46B /* FeedCachePolicy.swift in Sources */,
				980482782D0E446C00D7400D /* FeedImageDataStore.swift in Sources */,
				981AE4652C749F87009DB408 /* RemoteFeedLoader.swift in Sources */,
				98DB73392C86EBF50081D366 /* FeedStore.xcdatamodeld in Sources */,
				985579502C80526F00B3B46B /* LocalFeedImage.swift in Sources */,
				9804827A2D0E447F00D7400D /* LocalFeedImageDataLoader.swift in Sources */,
				981AE4D62C7F0C68009DB408 /* FeedStore.swift in Sources */,
				981AE4D42C7F0BBD009DB408 /* LocalFeedLoader.swift in Sources */,
				9804826C2D0BD33E00D7400D /* RemoteFeedImageDataLoader.swift in Sources */,
				985579632C841AEB00B3B46B /* CodableFeedStore.swift in Sources */,
				981AE49D2C75BE71009DB408 /* HTTPClient.swift in Sources */,
				98A015282C7465C700B484D7 /* FeedImage.swift in Sources */,
				981AE4B22C7C7A39009DB408 /* URLSessionHTTPClient.swift in Sources */,
				98DB73402C8869D00081D366 /* ManagedCache.swift in Sources */,
				98DB73362C86BA8F0081D366 /* CoreDataFeedStore.swift in Sources */,
				98DB73422C8869E60081D366 /* ManagedFeedImage.swift in Sources */,
			);
			runOnlyForDeploymentPostprocessing = 0;
		};
		98A015132C74650900B484D7 /* Sources */ = {
			isa = PBXSourcesBuildPhase;
			buildActionMask = 2147483647;
			files = (
				980482762D0BE16200D7400D /* LoadFeedImageDataFromCacheUseCaseTests.swift in Sources */,
				985579672C85CDB900B3B46B /* XCTestCase+FeedStoreSpecs.swift in Sources */,
				985579692C85D60800B3B46B /* XCTestCase+failableRetrieveFeedStoreSpecs.swift in Sources */,
				98DB73342C86B98E0081D366 /* CoreDataFeedStoreTests.swift in Sources */,
				981AE4C52C7D91EA009DB408 /* EssentialFeedAPIEndToEndTests.swift in Sources */,
				980482652D0BA53100D7400D /* LoadFeedImageDataFromRemoteUseCaseTests.swift in Sources */,
				980482692D0BD1B400D7400D /* HTTPClientSpy.swift in Sources */,
				98A0151D2C74650900B484D7 /* LoadFeedFromRemoteUseCaseTests.swift in Sources */,
				9855795B2C818A4D00B3B46B /* SharedTestHelpers.swift in Sources */,
				981AE4A22C7716B5009DB408 /* URLSessionHTTPClientTests.swift in Sources */,
				981AE4D12C7ED9CC009DB408 /* CacheFeedUseCaseTests.swift in Sources */,
				985579592C81896F00B3B46B /* FeedCacheTestHelpers.swift in Sources */,
				985579572C8184B300B3B46B /* ValidateFeedCacheUseCaseTests.swift in Sources */,
				985579552C805C1900B3B46B /* FeedStoreSpy.swift in Sources */,
				985579522C8059E800B3B46B /* LoadFeedFromCacheUseCaseTests.swift in Sources */,
				9855796D2C85D7C300B3B46B /* XCTestCase+FailableDeleteFeedStoreSpecs.swift in Sources */,
				985579652C85CCCC00B3B46B /* FeedStoreSpecs.swift in Sources */,
				981AE4A52C78635C009DB408 /* XCTestCase+MemoryLeakTracking.swift in Sources */,
				9855796B2C85D6D000B3B46B /* XCTestCase+FailableInsertFeedStoreSpecs.swift in Sources */,
			);
			runOnlyForDeploymentPostprocessing = 0;
		};
		98C67A4F2D041EC600B88C20 /* Sources */ = {
			isa = PBXSourcesBuildPhase;
			buildActionMask = 2147483647;
			files = (
			);
			runOnlyForDeploymentPostprocessing = 0;
		};
		98C67A582D041EC700B88C20 /* Sources */ = {
			isa = PBXSourcesBuildPhase;
			buildActionMask = 2147483647;
			files = (
				98C67A982D044AE000B88C20 /* XCTestCase+MemoryLeakTracking.swift in Sources */,
				9804826A2D0BD1B400D7400D /* HTTPClientSpy.swift in Sources */,
			);
			runOnlyForDeploymentPostprocessing = 0;
		};
		98DB73432C89DB590081D366 /* Sources */ = {
			isa = PBXSourcesBuildPhase;
			buildActionMask = 2147483647;
			files = (
				98DB73532C8ADC250081D366 /* SharedTestHelpers.swift in Sources */,
				98DB734A2C89DB590081D366 /* EssentialFeedCacheIntegrationTests.swift in Sources */,
				98DB73522C8ADC160081D366 /* FeedCacheTestHelpers.swift in Sources */,
				98DB73512C8ACF220081D366 /* XCTestCase+MemoryLeakTracking.swift in Sources */,
				980482672D0BD1B400D7400D /* HTTPClientSpy.swift in Sources */,
			);
			runOnlyForDeploymentPostprocessing = 0;
		};
/* End PBXSourcesBuildPhase section */

/* Begin PBXTargetDependency section */
		981AE4C02C7D7548009DB408 /* PBXTargetDependency */ = {
			isa = PBXTargetDependency;
			target = 98A0150E2C74650800B484D7 /* EssentialFeed */;
			targetProxy = 981AE4BF2C7D7548009DB408 /* PBXContainerItemProxy */;
		};
		98A0151A2C74650900B484D7 /* PBXTargetDependency */ = {
			isa = PBXTargetDependency;
			target = 98A0150E2C74650800B484D7 /* EssentialFeed */;
			targetProxy = 98A015192C74650900B484D7 /* PBXContainerItemProxy */;
		};
		98C67A5F2D041EC700B88C20 /* PBXTargetDependency */ = {
			isa = PBXTargetDependency;
			target = 98C67A522D041EC600B88C20 /* EssentialFeediOS */;
			targetProxy = 98C67A5E2D041EC700B88C20 /* PBXContainerItemProxy */;
		};
		98C67AA12D07BBA300B88C20 /* PBXTargetDependency */ = {
			isa = PBXTargetDependency;
			platformFilter = ios;
			target = 98A0150E2C74650800B484D7 /* EssentialFeed */;
			targetProxy = 98C67AA02D07BBA300B88C20 /* PBXContainerItemProxy */;
		};
		98DB734D2C89DB590081D366 /* PBXTargetDependency */ = {
			isa = PBXTargetDependency;
			target = 98A0150E2C74650800B484D7 /* EssentialFeed */;
			targetProxy = 98DB734C2C89DB590081D366 /* PBXContainerItemProxy */;
		};
/* End PBXTargetDependency section */

/* Begin XCBuildConfiguration section */
		981AE4C22C7D7548009DB408 /* Debug */ = {
			isa = XCBuildConfiguration;
			buildSettings = {
				CODE_SIGN_STYLE = Automatic;
				CURRENT_PROJECT_VERSION = 1;
				DEVELOPMENT_TEAM = 28S828G24C;
				GENERATE_INFOPLIST_FILE = YES;
				MACOSX_DEPLOYMENT_TARGET = 14.5;
				MARKETING_VERSION = 1.0;
				PRODUCT_BUNDLE_IDENTIFIER = com.humble.EssentialFeedAPIEndToEndTests;
				PRODUCT_NAME = "$(TARGET_NAME)";
				SUPPORTED_PLATFORMS = "macosx iphonesimulator iphoneos";
				SWIFT_EMIT_LOC_STRINGS = NO;
				SWIFT_VERSION = 5.0;
			};
			name = Debug;
		};
		981AE4C32C7D7548009DB408 /* Release */ = {
			isa = XCBuildConfiguration;
			buildSettings = {
				CODE_SIGN_STYLE = Automatic;
				CURRENT_PROJECT_VERSION = 1;
				DEVELOPMENT_TEAM = 28S828G24C;
				GENERATE_INFOPLIST_FILE = YES;
				MACOSX_DEPLOYMENT_TARGET = 14.5;
				MARKETING_VERSION = 1.0;
				PRODUCT_BUNDLE_IDENTIFIER = com.humble.EssentialFeedAPIEndToEndTests;
				PRODUCT_NAME = "$(TARGET_NAME)";
				SUPPORTED_PLATFORMS = "macosx iphonesimulator iphoneos";
				SWIFT_EMIT_LOC_STRINGS = NO;
				SWIFT_VERSION = 5.0;
			};
			name = Release;
		};
		98A0151F2C74650900B484D7 /* Debug */ = {
			isa = XCBuildConfiguration;
			buildSettings = {
				ALWAYS_SEARCH_USER_PATHS = NO;
				ASSETCATALOG_COMPILER_GENERATE_SWIFT_ASSET_SYMBOL_EXTENSIONS = YES;
				CLANG_ANALYZER_LOCALIZABILITY_NONLOCALIZED = YES;
				CLANG_ANALYZER_NONNULL = YES;
				CLANG_ANALYZER_NUMBER_OBJECT_CONVERSION = YES_AGGRESSIVE;
				CLANG_CXX_LANGUAGE_STANDARD = "gnu++20";
				CLANG_ENABLE_MODULES = YES;
				CLANG_ENABLE_OBJC_ARC = YES;
				CLANG_ENABLE_OBJC_WEAK = YES;
				CLANG_WARN_BLOCK_CAPTURE_AUTORELEASING = YES;
				CLANG_WARN_BOOL_CONVERSION = YES;
				CLANG_WARN_COMMA = YES;
				CLANG_WARN_CONSTANT_CONVERSION = YES;
				CLANG_WARN_DEPRECATED_OBJC_IMPLEMENTATIONS = YES;
				CLANG_WARN_DIRECT_OBJC_ISA_USAGE = YES_ERROR;
				CLANG_WARN_DOCUMENTATION_COMMENTS = YES;
				CLANG_WARN_EMPTY_BODY = YES;
				CLANG_WARN_ENUM_CONVERSION = YES;
				CLANG_WARN_INFINITE_RECURSION = YES;
				CLANG_WARN_INT_CONVERSION = YES;
				CLANG_WARN_NON_LITERAL_NULL_CONVERSION = YES;
				CLANG_WARN_OBJC_IMPLICIT_RETAIN_SELF = YES;
				CLANG_WARN_OBJC_LITERAL_CONVERSION = YES;
				CLANG_WARN_OBJC_ROOT_CLASS = YES_ERROR;
				CLANG_WARN_QUOTED_INCLUDE_IN_FRAMEWORK_HEADER = YES;
				CLANG_WARN_RANGE_LOOP_ANALYSIS = YES;
				CLANG_WARN_STRICT_PROTOTYPES = YES;
				CLANG_WARN_SUSPICIOUS_MOVE = YES;
				CLANG_WARN_UNGUARDED_AVAILABILITY = YES_AGGRESSIVE;
				CLANG_WARN_UNREACHABLE_CODE = YES;
				CLANG_WARN__DUPLICATE_METHOD_MATCH = YES;
				COPY_PHASE_STRIP = NO;
				CURRENT_PROJECT_VERSION = 1;
				DEBUG_INFORMATION_FORMAT = dwarf;
				ENABLE_STRICT_OBJC_MSGSEND = YES;
				ENABLE_TESTABILITY = YES;
				ENABLE_USER_SCRIPT_SANDBOXING = YES;
				GCC_C_LANGUAGE_STANDARD = gnu17;
				GCC_DYNAMIC_NO_PIC = NO;
				GCC_NO_COMMON_BLOCKS = YES;
				GCC_OPTIMIZATION_LEVEL = 0;
				GCC_PREPROCESSOR_DEFINITIONS = (
					"DEBUG=1",
					"$(inherited)",
				);
				GCC_WARN_64_TO_32_BIT_CONVERSION = YES;
				GCC_WARN_ABOUT_RETURN_TYPE = YES_ERROR;
				GCC_WARN_UNDECLARED_SELECTOR = YES;
				GCC_WARN_UNINITIALIZED_AUTOS = YES_AGGRESSIVE;
				GCC_WARN_UNUSED_FUNCTION = YES;
				GCC_WARN_UNUSED_VARIABLE = YES;
				LOCALIZATION_PREFERS_STRING_CATALOGS = YES;
				MACOSX_DEPLOYMENT_TARGET = 14.5;
				MTL_ENABLE_DEBUG_INFO = INCLUDE_SOURCE;
				MTL_FAST_MATH = YES;
				ONLY_ACTIVE_ARCH = YES;
				SDKROOT = macosx;
				SWIFT_ACTIVE_COMPILATION_CONDITIONS = "DEBUG $(inherited)";
				SWIFT_OPTIMIZATION_LEVEL = "-Onone";
				VERSIONING_SYSTEM = "apple-generic";
				VERSION_INFO_PREFIX = "";
			};
			name = Debug;
		};
		98A015202C74650900B484D7 /* Release */ = {
			isa = XCBuildConfiguration;
			buildSettings = {
				ALWAYS_SEARCH_USER_PATHS = NO;
				ASSETCATALOG_COMPILER_GENERATE_SWIFT_ASSET_SYMBOL_EXTENSIONS = YES;
				CLANG_ANALYZER_LOCALIZABILITY_NONLOCALIZED = YES;
				CLANG_ANALYZER_NONNULL = YES;
				CLANG_ANALYZER_NUMBER_OBJECT_CONVERSION = YES_AGGRESSIVE;
				CLANG_CXX_LANGUAGE_STANDARD = "gnu++20";
				CLANG_ENABLE_MODULES = YES;
				CLANG_ENABLE_OBJC_ARC = YES;
				CLANG_ENABLE_OBJC_WEAK = YES;
				CLANG_WARN_BLOCK_CAPTURE_AUTORELEASING = YES;
				CLANG_WARN_BOOL_CONVERSION = YES;
				CLANG_WARN_COMMA = YES;
				CLANG_WARN_CONSTANT_CONVERSION = YES;
				CLANG_WARN_DEPRECATED_OBJC_IMPLEMENTATIONS = YES;
				CLANG_WARN_DIRECT_OBJC_ISA_USAGE = YES_ERROR;
				CLANG_WARN_DOCUMENTATION_COMMENTS = YES;
				CLANG_WARN_EMPTY_BODY = YES;
				CLANG_WARN_ENUM_CONVERSION = YES;
				CLANG_WARN_INFINITE_RECURSION = YES;
				CLANG_WARN_INT_CONVERSION = YES;
				CLANG_WARN_NON_LITERAL_NULL_CONVERSION = YES;
				CLANG_WARN_OBJC_IMPLICIT_RETAIN_SELF = YES;
				CLANG_WARN_OBJC_LITERAL_CONVERSION = YES;
				CLANG_WARN_OBJC_ROOT_CLASS = YES_ERROR;
				CLANG_WARN_QUOTED_INCLUDE_IN_FRAMEWORK_HEADER = YES;
				CLANG_WARN_RANGE_LOOP_ANALYSIS = YES;
				CLANG_WARN_STRICT_PROTOTYPES = YES;
				CLANG_WARN_SUSPICIOUS_MOVE = YES;
				CLANG_WARN_UNGUARDED_AVAILABILITY = YES_AGGRESSIVE;
				CLANG_WARN_UNREACHABLE_CODE = YES;
				CLANG_WARN__DUPLICATE_METHOD_MATCH = YES;
				COPY_PHASE_STRIP = NO;
				CURRENT_PROJECT_VERSION = 1;
				DEBUG_INFORMATION_FORMAT = "dwarf-with-dsym";
				ENABLE_NS_ASSERTIONS = NO;
				ENABLE_STRICT_OBJC_MSGSEND = YES;
				ENABLE_USER_SCRIPT_SANDBOXING = YES;
				GCC_C_LANGUAGE_STANDARD = gnu17;
				GCC_NO_COMMON_BLOCKS = YES;
				GCC_WARN_64_TO_32_BIT_CONVERSION = YES;
				GCC_WARN_ABOUT_RETURN_TYPE = YES_ERROR;
				GCC_WARN_UNDECLARED_SELECTOR = YES;
				GCC_WARN_UNINITIALIZED_AUTOS = YES_AGGRESSIVE;
				GCC_WARN_UNUSED_FUNCTION = YES;
				GCC_WARN_UNUSED_VARIABLE = YES;
				LOCALIZATION_PREFERS_STRING_CATALOGS = YES;
				MACOSX_DEPLOYMENT_TARGET = 14.5;
				MTL_ENABLE_DEBUG_INFO = NO;
				MTL_FAST_MATH = YES;
				SDKROOT = macosx;
				SWIFT_COMPILATION_MODE = wholemodule;
				VERSIONING_SYSTEM = "apple-generic";
				VERSION_INFO_PREFIX = "";
			};
			name = Release;
		};
		98A015222C74650900B484D7 /* Debug */ = {
			isa = XCBuildConfiguration;
			buildSettings = {
				BUILD_LIBRARY_FOR_DISTRIBUTION = YES;
				CLANG_ENABLE_MODULES = YES;
				CODE_SIGN_STYLE = Automatic;
				COMBINE_HIDPI_IMAGES = YES;
				CURRENT_PROJECT_VERSION = 1;
				DEFINES_MODULE = YES;
				DEVELOPMENT_TEAM = 28S828G24C;
				DYLIB_COMPATIBILITY_VERSION = 1;
				DYLIB_CURRENT_VERSION = 1;
				DYLIB_INSTALL_NAME_BASE = "@rpath";
				ENABLE_MODULE_VERIFIER = YES;
				GENERATE_INFOPLIST_FILE = YES;
				INFOPLIST_KEY_NSHumanReadableCopyright = "";
				INSTALL_PATH = "$(LOCAL_LIBRARY_DIR)/Frameworks";
				LD_RUNPATH_SEARCH_PATHS = (
					"$(inherited)",
					"@executable_path/../Frameworks",
					"@loader_path/Frameworks",
				);
				MARKETING_VERSION = 1.0;
				MODULE_VERIFIER_SUPPORTED_LANGUAGES = "objective-c objective-c++";
				MODULE_VERIFIER_SUPPORTED_LANGUAGE_STANDARDS = "gnu17 gnu++20";
				PRODUCT_BUNDLE_IDENTIFIER = com.humble.EssentialFeed;
				PRODUCT_NAME = "$(TARGET_NAME:c99extidentifier)";
				SKIP_INSTALL = YES;
				SUPPORTED_PLATFORMS = "macosx iphonesimulator iphoneos";
				SWIFT_EMIT_LOC_STRINGS = YES;
				SWIFT_INSTALL_OBJC_HEADER = NO;
				SWIFT_OPTIMIZATION_LEVEL = "-Onone";
				SWIFT_VERSION = 5.0;
			};
			name = Debug;
		};
		98A015232C74650900B484D7 /* Release */ = {
			isa = XCBuildConfiguration;
			buildSettings = {
				BUILD_LIBRARY_FOR_DISTRIBUTION = YES;
				CLANG_ENABLE_MODULES = YES;
				CODE_SIGN_STYLE = Automatic;
				COMBINE_HIDPI_IMAGES = YES;
				CURRENT_PROJECT_VERSION = 1;
				DEFINES_MODULE = YES;
				DEVELOPMENT_TEAM = 28S828G24C;
				DYLIB_COMPATIBILITY_VERSION = 1;
				DYLIB_CURRENT_VERSION = 1;
				DYLIB_INSTALL_NAME_BASE = "@rpath";
				ENABLE_MODULE_VERIFIER = YES;
				GENERATE_INFOPLIST_FILE = YES;
				INFOPLIST_KEY_NSHumanReadableCopyright = "";
				INSTALL_PATH = "$(LOCAL_LIBRARY_DIR)/Frameworks";
				LD_RUNPATH_SEARCH_PATHS = (
					"$(inherited)",
					"@executable_path/../Frameworks",
					"@loader_path/Frameworks",
				);
				MARKETING_VERSION = 1.0;
				MODULE_VERIFIER_SUPPORTED_LANGUAGES = "objective-c objective-c++";
				MODULE_VERIFIER_SUPPORTED_LANGUAGE_STANDARDS = "gnu17 gnu++20";
				PRODUCT_BUNDLE_IDENTIFIER = com.humble.EssentialFeed;
				PRODUCT_NAME = "$(TARGET_NAME:c99extidentifier)";
				SKIP_INSTALL = YES;
				SUPPORTED_PLATFORMS = "macosx iphonesimulator iphoneos";
				SWIFT_EMIT_LOC_STRINGS = YES;
				SWIFT_INSTALL_OBJC_HEADER = NO;
				SWIFT_VERSION = 5.0;
			};
			name = Release;
		};
		98A015252C74650900B484D7 /* Debug */ = {
			isa = XCBuildConfiguration;
			buildSettings = {
				CODE_SIGN_STYLE = Automatic;
				CURRENT_PROJECT_VERSION = 1;
				DEVELOPMENT_TEAM = 28S828G24C;
				GENERATE_INFOPLIST_FILE = YES;
				MACOSX_DEPLOYMENT_TARGET = 14.5;
				MARKETING_VERSION = 1.0;
				PRODUCT_BUNDLE_IDENTIFIER = com.humble.EssentialFeedTests;
				PRODUCT_NAME = "$(TARGET_NAME)";
				SUPPORTED_PLATFORMS = "macosx iphonesimulator iphoneos";
				SWIFT_EMIT_LOC_STRINGS = NO;
				SWIFT_VERSION = 5.0;
			};
			name = Debug;
		};
		98A015262C74650900B484D7 /* Release */ = {
			isa = XCBuildConfiguration;
			buildSettings = {
				CODE_SIGN_STYLE = Automatic;
				CURRENT_PROJECT_VERSION = 1;
				DEVELOPMENT_TEAM = 28S828G24C;
				GENERATE_INFOPLIST_FILE = YES;
				MACOSX_DEPLOYMENT_TARGET = 14.5;
				MARKETING_VERSION = 1.0;
				PRODUCT_BUNDLE_IDENTIFIER = com.humble.EssentialFeedTests;
				PRODUCT_NAME = "$(TARGET_NAME)";
				SUPPORTED_PLATFORMS = "macosx iphonesimulator iphoneos";
				SWIFT_EMIT_LOC_STRINGS = NO;
				SWIFT_VERSION = 5.0;
			};
			name = Release;
		};
		98C67A662D041EC700B88C20 /* Debug */ = {
			isa = XCBuildConfiguration;
			buildSettings = {
				BUILD_LIBRARY_FOR_DISTRIBUTION = YES;
				CODE_SIGN_STYLE = Automatic;
				CURRENT_PROJECT_VERSION = 1;
				DEFINES_MODULE = YES;
				DEVELOPMENT_TEAM = 28S828G24C;
				DYLIB_COMPATIBILITY_VERSION = 1;
				DYLIB_CURRENT_VERSION = 1;
				DYLIB_INSTALL_NAME_BASE = "@rpath";
				ENABLE_MODULE_VERIFIER = YES;
				GCC_TREAT_WARNINGS_AS_ERRORS = NO;
				GENERATE_INFOPLIST_FILE = YES;
				INFOPLIST_KEY_NSHumanReadableCopyright = "";
				INSTALL_PATH = "$(LOCAL_LIBRARY_DIR)/Frameworks";
				IPHONEOS_DEPLOYMENT_TARGET = 18.1;
				LD_RUNPATH_SEARCH_PATHS = (
					"$(inherited)",
					"@executable_path/Frameworks",
					"@loader_path/Frameworks",
				);
				MARKETING_VERSION = 1.0;
				MODULE_VERIFIER_SUPPORTED_LANGUAGES = "objective-c objective-c++";
				MODULE_VERIFIER_SUPPORTED_LANGUAGE_STANDARDS = "gnu17 gnu++20";
				PRODUCT_BUNDLE_IDENTIFIER = com.humble.EssentialFeediOS;
				PRODUCT_NAME = "$(TARGET_NAME:c99extidentifier)";
				SDKROOT = iphoneos;
				SKIP_INSTALL = YES;
				SWIFT_EMIT_LOC_STRINGS = YES;
				SWIFT_INSTALL_OBJC_HEADER = NO;
				SWIFT_TREAT_WARNINGS_AS_ERRORS = NO;
				SWIFT_VERSION = 5.0;
				TARGETED_DEVICE_FAMILY = "1,2";
			};
			name = Debug;
		};
		98C67A672D041EC700B88C20 /* Release */ = {
			isa = XCBuildConfiguration;
			buildSettings = {
				BUILD_LIBRARY_FOR_DISTRIBUTION = YES;
				CODE_SIGN_STYLE = Automatic;
				CURRENT_PROJECT_VERSION = 1;
				DEFINES_MODULE = YES;
				DEVELOPMENT_TEAM = 28S828G24C;
				DYLIB_COMPATIBILITY_VERSION = 1;
				DYLIB_CURRENT_VERSION = 1;
				DYLIB_INSTALL_NAME_BASE = "@rpath";
				ENABLE_MODULE_VERIFIER = YES;
				GCC_TREAT_WARNINGS_AS_ERRORS = NO;
				GENERATE_INFOPLIST_FILE = YES;
				INFOPLIST_KEY_NSHumanReadableCopyright = "";
				INSTALL_PATH = "$(LOCAL_LIBRARY_DIR)/Frameworks";
				IPHONEOS_DEPLOYMENT_TARGET = 18.1;
				LD_RUNPATH_SEARCH_PATHS = (
					"$(inherited)",
					"@executable_path/Frameworks",
					"@loader_path/Frameworks",
				);
				MARKETING_VERSION = 1.0;
				MODULE_VERIFIER_SUPPORTED_LANGUAGES = "objective-c objective-c++";
				MODULE_VERIFIER_SUPPORTED_LANGUAGE_STANDARDS = "gnu17 gnu++20";
				PRODUCT_BUNDLE_IDENTIFIER = com.humble.EssentialFeediOS;
				PRODUCT_NAME = "$(TARGET_NAME:c99extidentifier)";
				SDKROOT = iphoneos;
				SKIP_INSTALL = YES;
				SWIFT_EMIT_LOC_STRINGS = YES;
				SWIFT_INSTALL_OBJC_HEADER = NO;
				SWIFT_TREAT_WARNINGS_AS_ERRORS = NO;
				SWIFT_VERSION = 5.0;
				TARGETED_DEVICE_FAMILY = "1,2";
				VALIDATE_PRODUCT = YES;
			};
			name = Release;
		};
		98C67A692D041EC700B88C20 /* Debug */ = {
			isa = XCBuildConfiguration;
			buildSettings = {
				CLANG_ENABLE_MODULES = YES;
				CODE_SIGN_STYLE = Automatic;
				CURRENT_PROJECT_VERSION = 1;
				DEVELOPMENT_TEAM = 28S828G24C;
				GENERATE_INFOPLIST_FILE = YES;
				IPHONEOS_DEPLOYMENT_TARGET = 18.1;
				MARKETING_VERSION = 1.0;
				PRODUCT_BUNDLE_IDENTIFIER = com.humble.EssentialFeediOSTests;
				PRODUCT_NAME = "$(TARGET_NAME)";
				SDKROOT = iphoneos;
				SWIFT_EMIT_LOC_STRINGS = NO;
				SWIFT_OPTIMIZATION_LEVEL = "-Onone";
				SWIFT_VERSION = 5.0;
				TARGETED_DEVICE_FAMILY = "1,2";
			};
			name = Debug;
		};
		98C67A6A2D041EC700B88C20 /* Release */ = {
			isa = XCBuildConfiguration;
			buildSettings = {
				CLANG_ENABLE_MODULES = YES;
				CODE_SIGN_STYLE = Automatic;
				CURRENT_PROJECT_VERSION = 1;
				DEVELOPMENT_TEAM = 28S828G24C;
				GENERATE_INFOPLIST_FILE = YES;
				IPHONEOS_DEPLOYMENT_TARGET = 18.1;
				MARKETING_VERSION = 1.0;
				PRODUCT_BUNDLE_IDENTIFIER = com.humble.EssentialFeediOSTests;
				PRODUCT_NAME = "$(TARGET_NAME)";
				SDKROOT = iphoneos;
				SWIFT_EMIT_LOC_STRINGS = NO;
				SWIFT_VERSION = 5.0;
				TARGETED_DEVICE_FAMILY = "1,2";
				VALIDATE_PRODUCT = YES;
			};
			name = Release;
		};
		98DB734E2C89DB590081D366 /* Debug */ = {
			isa = XCBuildConfiguration;
			buildSettings = {
				CODE_SIGN_STYLE = Automatic;
				CURRENT_PROJECT_VERSION = 1;
				DEVELOPMENT_TEAM = 28S828G24C;
				GENERATE_INFOPLIST_FILE = YES;
				MARKETING_VERSION = 1.0;
				PRODUCT_BUNDLE_IDENTIFIER = com.humble.EssentialFeedCacheIntegrationTests;
				PRODUCT_NAME = "$(TARGET_NAME)";
				SUPPORTED_PLATFORMS = "macosx iphonesimulator iphoneos";
				SWIFT_EMIT_LOC_STRINGS = NO;
				SWIFT_VERSION = 5.0;
			};
			name = Debug;
		};
		98DB734F2C89DB590081D366 /* Release */ = {
			isa = XCBuildConfiguration;
			buildSettings = {
				CODE_SIGN_STYLE = Automatic;
				CURRENT_PROJECT_VERSION = 1;
				DEVELOPMENT_TEAM = 28S828G24C;
				GENERATE_INFOPLIST_FILE = YES;
				MARKETING_VERSION = 1.0;
				PRODUCT_BUNDLE_IDENTIFIER = com.humble.EssentialFeedCacheIntegrationTests;
				PRODUCT_NAME = "$(TARGET_NAME)";
				SUPPORTED_PLATFORMS = "macosx iphonesimulator iphoneos";
				SWIFT_EMIT_LOC_STRINGS = NO;
				SWIFT_VERSION = 5.0;
			};
			name = Release;
		};
/* End XCBuildConfiguration section */

/* Begin XCConfigurationList section */
		981AE4C12C7D7548009DB408 /* Build configuration list for PBXNativeTarget "EssentialFeedAPIEndToEndTests" */ = {
			isa = XCConfigurationList;
			buildConfigurations = (
				981AE4C22C7D7548009DB408 /* Debug */,
				981AE4C32C7D7548009DB408 /* Release */,
			);
			defaultConfigurationIsVisible = 0;
			defaultConfigurationName = Release;
		};
		98A015092C74650800B484D7 /* Build configuration list for PBXProject "EssentialFeed" */ = {
			isa = XCConfigurationList;
			buildConfigurations = (
				98A0151F2C74650900B484D7 /* Debug */,
				98A015202C74650900B484D7 /* Release */,
			);
			defaultConfigurationIsVisible = 0;
			defaultConfigurationName = Release;
		};
		98A015212C74650900B484D7 /* Build configuration list for PBXNativeTarget "EssentialFeed" */ = {
			isa = XCConfigurationList;
			buildConfigurations = (
				98A015222C74650900B484D7 /* Debug */,
				98A015232C74650900B484D7 /* Release */,
			);
			defaultConfigurationIsVisible = 0;
			defaultConfigurationName = Release;
		};
		98A015242C74650900B484D7 /* Build configuration list for PBXNativeTarget "EssentialFeedTests" */ = {
			isa = XCConfigurationList;
			buildConfigurations = (
				98A015252C74650900B484D7 /* Debug */,
				98A015262C74650900B484D7 /* Release */,
			);
			defaultConfigurationIsVisible = 0;
			defaultConfigurationName = Release;
		};
		98C67A652D041EC700B88C20 /* Build configuration list for PBXNativeTarget "EssentialFeediOS" */ = {
			isa = XCConfigurationList;
			buildConfigurations = (
				98C67A662D041EC700B88C20 /* Debug */,
				98C67A672D041EC700B88C20 /* Release */,
			);
			defaultConfigurationIsVisible = 0;
			defaultConfigurationName = Release;
		};
		98C67A682D041EC700B88C20 /* Build configuration list for PBXNativeTarget "EssentialFeediOSTests" */ = {
			isa = XCConfigurationList;
			buildConfigurations = (
				98C67A692D041EC700B88C20 /* Debug */,
				98C67A6A2D041EC700B88C20 /* Release */,
			);
			defaultConfigurationIsVisible = 0;
			defaultConfigurationName = Release;
		};
		98DB73502C89DB590081D366 /* Build configuration list for PBXNativeTarget "EssentialFeedCacheIntegrationTests" */ = {
			isa = XCConfigurationList;
			buildConfigurations = (
				98DB734E2C89DB590081D366 /* Debug */,
				98DB734F2C89DB590081D366 /* Release */,
			);
			defaultConfigurationIsVisible = 0;
			defaultConfigurationName = Release;
		};
/* End XCConfigurationList section */

/* Begin XCVersionGroup section */
		98DB73372C86EBF40081D366 /* FeedStore.xcdatamodeld */ = {
			isa = XCVersionGroup;
			children = (
				98DB73382C86EBF50081D366 /* FeedStore.xcdatamodel */,
			);
			currentVersion = 98DB73382C86EBF50081D366 /* FeedStore.xcdatamodel */;
			name = FeedStore.xcdatamodeld;
			path = "/Users/mozat/Documents/learn/TDD/practice2/EssentialFeed/EssentialFeed/EssentialFeed/Feed Cache/FeedStore.xcdatamodeld";
			sourceTree = "<group>";
			versionGroupType = wrapper.xcdatamodel;
		};
/* End XCVersionGroup section */
	};
	rootObject = 98A015062C74650800B484D7 /* Project object */;
}
